// !$*UTF8*$!
{
	archiveVersion = 1;
	classes = {
	};
	objectVersion = 56;
	objects = {

/* Begin PBXBuildFile section */
		154E515A2A169EE900789DB0 /* CheckField.swift in Sources */ = {isa = PBXBuildFile; fileRef = 154E51592A169EE900789DB0 /* CheckField.swift */; };
		154E515C2A16AB0A00789DB0 /* LoginModel.swift in Sources */ = {isa = PBXBuildFile; fileRef = 154E515B2A16AB0A00789DB0 /* LoginModel.swift */; };
		154E515E2A16AB7900789DB0 /* Service.swift in Sources */ = {isa = PBXBuildFile; fileRef = 154E515D2A16AB7900789DB0 /* Service.swift */; };
		154E51602A17226000789DB0 /* ResponseCode.swift in Sources */ = {isa = PBXBuildFile; fileRef = 154E515F2A17226000789DB0 /* ResponseCode.swift */; };
		154E51642A1FD5C400789DB0 /* UsersViewController.swift in Sources */ = {isa = PBXBuildFile; fileRef = 154E51632A1FD5C400789DB0 /* UsersViewController.swift */; };
		154E51682A1FD6B900789DB0 /* UserTableViewCell.swift in Sources */ = {isa = PBXBuildFile; fileRef = 154E51662A1FD6B900789DB0 /* UserTableViewCell.swift */; };
		154E51692A1FD6B900789DB0 /* UserTableViewCell.xib in Resources */ = {isa = PBXBuildFile; fileRef = 154E51672A1FD6B900789DB0 /* UserTableViewCell.xib */; };
		15D0FB122A11669B0072DFCA /* AppDelegate.swift in Sources */ = {isa = PBXBuildFile; fileRef = 15D0FB112A11669B0072DFCA /* AppDelegate.swift */; };
		15D0FB142A11669B0072DFCA /* SceneDelegate.swift in Sources */ = {isa = PBXBuildFile; fileRef = 15D0FB132A11669B0072DFCA /* SceneDelegate.swift */; };
		15D0FB192A11669B0072DFCA /* Main.storyboard in Resources */ = {isa = PBXBuildFile; fileRef = 15D0FB172A11669B0072DFCA /* Main.storyboard */; };
		15D0FB1B2A11669D0072DFCA /* Assets.xcassets in Resources */ = {isa = PBXBuildFile; fileRef = 15D0FB1A2A11669D0072DFCA /* Assets.xcassets */; };
		15D0FB1E2A11669D0072DFCA /* LaunchScreen.storyboard in Resources */ = {isa = PBXBuildFile; fileRef = 15D0FB1C2A11669D0072DFCA /* LaunchScreen.storyboard */; };
		15D0FB262A1264FC0072DFCA /* GoogleService-Info.plist in Resources */ = {isa = PBXBuildFile; fileRef = 15D0FB252A1264FC0072DFCA /* GoogleService-Info.plist */; };
		15D0FB2E2A127C310072DFCA /* LoginViewController.swift in Sources */ = {isa = PBXBuildFile; fileRef = 15D0FB2D2A127C310072DFCA /* LoginViewController.swift */; };
		15D0FB332A1281E90072DFCA /* SlideCollectionViewCell.swift in Sources */ = {isa = PBXBuildFile; fileRef = 15D0FB312A1281E90072DFCA /* SlideCollectionViewCell.swift */; };
		15D0FB342A1281E90072DFCA /* SlideCollectionViewCell.xib in Resources */ = {isa = PBXBuildFile; fileRef = 15D0FB322A1281E90072DFCA /* SlideCollectionViewCell.xib */; };
		15D0FB362A129A1B0072DFCA /* SlideModel.swift in Sources */ = {isa = PBXBuildFile; fileRef = 15D0FB352A129A1B0072DFCA /* SlideModel.swift */; };
		15D0FB382A132EDF0072DFCA /* SliderSlides.swift in Sources */ = {isa = PBXBuildFile; fileRef = 15D0FB372A132EDF0072DFCA /* SliderSlides.swift */; };
		15D0FB3A2A1331550072DFCA /* RegViewController.swift in Sources */ = {isa = PBXBuildFile; fileRef = 15D0FB392A1331550072DFCA /* RegViewController.swift */; };
		15D0FB3C2A1331680072DFCA /* AuthViewController.swift in Sources */ = {isa = PBXBuildFile; fileRef = 15D0FB3B2A1331680072DFCA /* AuthViewController.swift */; };
		15D0FB3E2A1334D60072DFCA /* AppViewController.swift in Sources */ = {isa = PBXBuildFile; fileRef = 15D0FB3D2A1334D60072DFCA /* AppViewController.swift */; };
		B907927C47254A0903DD89AD /* Pods_Messenger.framework in Frameworks */ = {isa = PBXBuildFile; fileRef = 7E57E7CCB9C91975B900D5B1 /* Pods_Messenger.framework */; };
/* End PBXBuildFile section */

/* Begin PBXFileReference section */
		154E51592A169EE900789DB0 /* CheckField.swift */ = {isa = PBXFileReference; lastKnownFileType = sourcecode.swift; path = CheckField.swift; sourceTree = "<group>"; };
		154E515B2A16AB0A00789DB0 /* LoginModel.swift */ = {isa = PBXFileReference; lastKnownFileType = sourcecode.swift; path = LoginModel.swift; sourceTree = "<group>"; };
		154E515D2A16AB7900789DB0 /* Service.swift */ = {isa = PBXFileReference; lastKnownFileType = sourcecode.swift; path = Service.swift; sourceTree = "<group>"; };
		154E515F2A17226000789DB0 /* ResponseCode.swift */ = {isa = PBXFileReference; lastKnownFileType = sourcecode.swift; path = ResponseCode.swift; sourceTree = "<group>"; };
		154E51632A1FD5C400789DB0 /* UsersViewController.swift */ = {isa = PBXFileReference; lastKnownFileType = sourcecode.swift; path = UsersViewController.swift; sourceTree = "<group>"; };
		154E51662A1FD6B900789DB0 /* UserTableViewCell.swift */ = {isa = PBXFileReference; lastKnownFileType = sourcecode.swift; path = UserTableViewCell.swift; sourceTree = "<group>"; };
		154E51672A1FD6B900789DB0 /* UserTableViewCell.xib */ = {isa = PBXFileReference; lastKnownFileType = file.xib; path = UserTableViewCell.xib; sourceTree = "<group>"; };
		15D0FB0E2A11669B0072DFCA /* Messenger.app */ = {isa = PBXFileReference; explicitFileType = wrapper.application; includeInIndex = 0; path = Messenger.app; sourceTree = BUILT_PRODUCTS_DIR; };
		15D0FB112A11669B0072DFCA /* AppDelegate.swift */ = {isa = PBXFileReference; lastKnownFileType = sourcecode.swift; path = AppDelegate.swift; sourceTree = "<group>"; };
		15D0FB132A11669B0072DFCA /* SceneDelegate.swift */ = {isa = PBXFileReference; lastKnownFileType = sourcecode.swift; path = SceneDelegate.swift; sourceTree = "<group>"; };
		15D0FB182A11669B0072DFCA /* Base */ = {isa = PBXFileReference; lastKnownFileType = file.storyboard; name = Base; path = Base.lproj/Main.storyboard; sourceTree = "<group>"; };
		15D0FB1A2A11669D0072DFCA /* Assets.xcassets */ = {isa = PBXFileReference; lastKnownFileType = folder.assetcatalog; path = Assets.xcassets; sourceTree = "<group>"; };
		15D0FB1D2A11669D0072DFCA /* Base */ = {isa = PBXFileReference; lastKnownFileType = file.storyboard; name = Base; path = Base.lproj/LaunchScreen.storyboard; sourceTree = "<group>"; };
		15D0FB1F2A11669D0072DFCA /* Info.plist */ = {isa = PBXFileReference; lastKnownFileType = text.plist.xml; path = Info.plist; sourceTree = "<group>"; };
		15D0FB252A1264FC0072DFCA /* GoogleService-Info.plist */ = {isa = PBXFileReference; fileEncoding = 4; lastKnownFileType = text.plist.xml; path = "GoogleService-Info.plist"; sourceTree = "<group>"; };
		15D0FB2D2A127C310072DFCA /* LoginViewController.swift */ = {isa = PBXFileReference; lastKnownFileType = sourcecode.swift; path = LoginViewController.swift; sourceTree = "<group>"; };
		15D0FB312A1281E90072DFCA /* SlideCollectionViewCell.swift */ = {isa = PBXFileReference; lastKnownFileType = sourcecode.swift; path = SlideCollectionViewCell.swift; sourceTree = "<group>"; };
		15D0FB322A1281E90072DFCA /* SlideCollectionViewCell.xib */ = {isa = PBXFileReference; lastKnownFileType = file.xib; path = SlideCollectionViewCell.xib; sourceTree = "<group>"; };
		15D0FB352A129A1B0072DFCA /* SlideModel.swift */ = {isa = PBXFileReference; lastKnownFileType = sourcecode.swift; path = SlideModel.swift; sourceTree = "<group>"; };
		15D0FB372A132EDF0072DFCA /* SliderSlides.swift */ = {isa = PBXFileReference; lastKnownFileType = sourcecode.swift; path = SliderSlides.swift; sourceTree = "<group>"; };
		15D0FB392A1331550072DFCA /* RegViewController.swift */ = {isa = PBXFileReference; lastKnownFileType = sourcecode.swift; path = RegViewController.swift; sourceTree = "<group>"; };
		15D0FB3B2A1331680072DFCA /* AuthViewController.swift */ = {isa = PBXFileReference; lastKnownFileType = sourcecode.swift; path = AuthViewController.swift; sourceTree = "<group>"; };
		15D0FB3D2A1334D60072DFCA /* AppViewController.swift */ = {isa = PBXFileReference; lastKnownFileType = sourcecode.swift; path = AppViewController.swift; sourceTree = "<group>"; };
		2034E79C930ACA4E079A1F97 /* Pods-Messenger.debug.xcconfig */ = {isa = PBXFileReference; includeInIndex = 1; lastKnownFileType = text.xcconfig; name = "Pods-Messenger.debug.xcconfig"; path = "Target Support Files/Pods-Messenger/Pods-Messenger.debug.xcconfig"; sourceTree = "<group>"; };
		7E57E7CCB9C91975B900D5B1 /* Pods_Messenger.framework */ = {isa = PBXFileReference; explicitFileType = wrapper.framework; includeInIndex = 0; path = Pods_Messenger.framework; sourceTree = BUILT_PRODUCTS_DIR; };
		81AB5E976486F687C6F0CD58 /* Pods-Messenger.release.xcconfig */ = {isa = PBXFileReference; includeInIndex = 1; lastKnownFileType = text.xcconfig; name = "Pods-Messenger.release.xcconfig"; path = "Target Support Files/Pods-Messenger/Pods-Messenger.release.xcconfig"; sourceTree = "<group>"; };
/* End PBXFileReference section */

/* Begin PBXFrameworksBuildPhase section */
		15D0FB0B2A11669B0072DFCA /* Frameworks */ = {
			isa = PBXFrameworksBuildPhase;
			buildActionMask = 2147483647;
			files = (
				B907927C47254A0903DD89AD /* Pods_Messenger.framework in Frameworks */,
			);
			runOnlyForDeploymentPostprocessing = 0;
		};
/* End PBXFrameworksBuildPhase section */

/* Begin PBXGroup section */
		154E51612A1FD56600789DB0 /* Messenger */ = {
			isa = PBXGroup;
			children = (
			);
			path = Messenger;
			sourceTree = "<group>";
		};
		154E51622A1FD57E00789DB0 /* Users */ = {
			isa = PBXGroup;
			children = (
				154E51632A1FD5C400789DB0 /* UsersViewController.swift */,
			);
			path = Users;
			sourceTree = "<group>";
		};
		154E51652A1FD65F00789DB0 /* Users */ = {
			isa = PBXGroup;
			children = (
				154E51662A1FD6B900789DB0 /* UserTableViewCell.swift */,
				154E51672A1FD6B900789DB0 /* UserTableViewCell.xib */,
			);
			path = Users;
			sourceTree = "<group>";
		};
		15D0FB052A11669B0072DFCA = {
			isa = PBXGroup;
			children = (
				15D0FB102A11669B0072DFCA /* Messenger */,
				15D0FB0F2A11669B0072DFCA /* Products */,
				326F626A2DA8FF1DF7658F60 /* Pods */,
				7C719EE1909F8255D0642332 /* Frameworks */,
			);
			sourceTree = "<group>";
		};
		15D0FB0F2A11669B0072DFCA /* Products */ = {
			isa = PBXGroup;
			children = (
				15D0FB0E2A11669B0072DFCA /* Messenger.app */,
			);
			name = Products;
			sourceTree = "<group>";
		};
		15D0FB102A11669B0072DFCA /* Messenger */ = {
			isa = PBXGroup;
			children = (
				15D0FB272A127A720072DFCA /* Application */,
				15D0FB2B2A127AEA0072DFCA /* Controller */,
				15D0FB2A2A127AE00072DFCA /* View */,
				15D0FB282A127AAC0072DFCA /* Model */,
				15D0FB172A11669B0072DFCA /* Main.storyboard */,
				15D0FB1A2A11669D0072DFCA /* Assets.xcassets */,
				15D0FB1C2A11669D0072DFCA /* LaunchScreen.storyboard */,
				15D0FB1F2A11669D0072DFCA /* Info.plist */,
				15D0FB252A1264FC0072DFCA /* GoogleService-Info.plist */,
			);
			path = Messenger;
			sourceTree = "<group>";
		};
		15D0FB272A127A720072DFCA /* Application */ = {
			isa = PBXGroup;
			children = (
				15D0FB132A11669B0072DFCA /* SceneDelegate.swift */,
				15D0FB112A11669B0072DFCA /* AppDelegate.swift */,
			);
			path = Application;
			sourceTree = "<group>";
		};
		15D0FB282A127AAC0072DFCA /* Model */ = {
			isa = PBXGroup;
			children = (
				15D0FB352A129A1B0072DFCA /* SlideModel.swift */,
				15D0FB372A132EDF0072DFCA /* SliderSlides.swift */,
				154E51592A169EE900789DB0 /* CheckField.swift */,
				154E515B2A16AB0A00789DB0 /* LoginModel.swift */,
				154E515D2A16AB7900789DB0 /* Service.swift */,
				154E515F2A17226000789DB0 /* ResponseCode.swift */,
			);
			path = Model;
			sourceTree = "<group>";
		};
		15D0FB2A2A127AE00072DFCA /* View */ = {
			isa = PBXGroup;
			children = (
				154E51652A1FD65F00789DB0 /* Users */,
				15D0FB302A1281A10072DFCA /* Slide */,
			);
			path = View;
			sourceTree = "<group>";
		};
		15D0FB2B2A127AEA0072DFCA /* Controller */ = {
			isa = PBXGroup;
			children = (
				15D0FB2F2A127C430072DFCA /* App */,
				15D0FB2C2A127BF80072DFCA /* Login */,
			);
			path = Controller;
			sourceTree = "<group>";
		};
		15D0FB2C2A127BF80072DFCA /* Login */ = {
			isa = PBXGroup;
			children = (
				15D0FB2D2A127C310072DFCA /* LoginViewController.swift */,
				15D0FB392A1331550072DFCA /* RegViewController.swift */,
				15D0FB3B2A1331680072DFCA /* AuthViewController.swift */,
			);
			path = Login;
			sourceTree = "<group>";
		};
		15D0FB2F2A127C430072DFCA /* App */ = {
			isa = PBXGroup;
			children = (
				154E51622A1FD57E00789DB0 /* Users */,
				154E51612A1FD56600789DB0 /* Messenger */,
				15D0FB3D2A1334D60072DFCA /* AppViewController.swift */,
			);
			path = App;
			sourceTree = "<group>";
		};
		15D0FB302A1281A10072DFCA /* Slide */ = {
			isa = PBXGroup;
			children = (
				15D0FB312A1281E90072DFCA /* SlideCollectionViewCell.swift */,
				15D0FB322A1281E90072DFCA /* SlideCollectionViewCell.xib */,
			);
			path = Slide;
			sourceTree = "<group>";
		};
		326F626A2DA8FF1DF7658F60 /* Pods */ = {
			isa = PBXGroup;
			children = (
				2034E79C930ACA4E079A1F97 /* Pods-Messenger.debug.xcconfig */,
				81AB5E976486F687C6F0CD58 /* Pods-Messenger.release.xcconfig */,
			);
			path = Pods;
			sourceTree = "<group>";
		};
		7C719EE1909F8255D0642332 /* Frameworks */ = {
			isa = PBXGroup;
			children = (
				7E57E7CCB9C91975B900D5B1 /* Pods_Messenger.framework */,
			);
			name = Frameworks;
			sourceTree = "<group>";
		};
/* End PBXGroup section */

/* Begin PBXNativeTarget section */
		15D0FB0D2A11669B0072DFCA /* Messenger */ = {
			isa = PBXNativeTarget;
			buildConfigurationList = 15D0FB222A11669D0072DFCA /* Build configuration list for PBXNativeTarget "Messenger" */;
			buildPhases = (
				8DEE686246D27DE2D7134721 /* [CP] Check Pods Manifest.lock */,
				15D0FB0A2A11669B0072DFCA /* Sources */,
				15D0FB0B2A11669B0072DFCA /* Frameworks */,
				15D0FB0C2A11669B0072DFCA /* Resources */,
				489EA0385298A4B8F63AFED5 /* [CP] Embed Pods Frameworks */,
			);
			buildRules = (
			);
			dependencies = (
			);
			name = Messenger;
			productName = Messenger;
			productReference = 15D0FB0E2A11669B0072DFCA /* Messenger.app */;
			productType = "com.apple.product-type.application";
		};
/* End PBXNativeTarget section */

/* Begin PBXProject section */
		15D0FB062A11669B0072DFCA /* Project object */ = {
			isa = PBXProject;
			attributes = {
				BuildIndependentTargetsInParallel = 1;
				LastSwiftUpdateCheck = 1420;
				LastUpgradeCheck = 1420;
				TargetAttributes = {
					15D0FB0D2A11669B0072DFCA = {
						CreatedOnToolsVersion = 14.2;
					};
				};
			};
			buildConfigurationList = 15D0FB092A11669B0072DFCA /* Build configuration list for PBXProject "Messenger" */;
			compatibilityVersion = "Xcode 14.0";
			developmentRegion = en;
			hasScannedForEncodings = 0;
			knownRegions = (
				en,
				Base,
			);
			mainGroup = 15D0FB052A11669B0072DFCA;
			productRefGroup = 15D0FB0F2A11669B0072DFCA /* Products */;
			projectDirPath = "";
			projectRoot = "";
			targets = (
				15D0FB0D2A11669B0072DFCA /* Messenger */,
			);
		};
/* End PBXProject section */

/* Begin PBXResourcesBuildPhase section */
		15D0FB0C2A11669B0072DFCA /* Resources */ = {
			isa = PBXResourcesBuildPhase;
			buildActionMask = 2147483647;
			files = (
				15D0FB1E2A11669D0072DFCA /* LaunchScreen.storyboard in Resources */,
				15D0FB342A1281E90072DFCA /* SlideCollectionViewCell.xib in Resources */,
				15D0FB262A1264FC0072DFCA /* GoogleService-Info.plist in Resources */,
				15D0FB1B2A11669D0072DFCA /* Assets.xcassets in Resources */,
				154E51692A1FD6B900789DB0 /* UserTableViewCell.xib in Resources */,
				15D0FB192A11669B0072DFCA /* Main.storyboard in Resources */,
			);
			runOnlyForDeploymentPostprocessing = 0;
		};
/* End PBXResourcesBuildPhase section */

/* Begin PBXShellScriptBuildPhase section */
		489EA0385298A4B8F63AFED5 /* [CP] Embed Pods Frameworks */ = {
			isa = PBXShellScriptBuildPhase;
			buildActionMask = 2147483647;
			files = (
			);
			inputFileListPaths = (
				"${PODS_ROOT}/Target Support Files/Pods-Messenger/Pods-Messenger-frameworks-${CONFIGURATION}-input-files.xcfilelist",
			);
			name = "[CP] Embed Pods Frameworks";
			outputFileListPaths = (
				"${PODS_ROOT}/Target Support Files/Pods-Messenger/Pods-Messenger-frameworks-${CONFIGURATION}-output-files.xcfilelist",
			);
			runOnlyForDeploymentPostprocessing = 0;
			shellPath = /bin/sh;
			shellScript = "\"${PODS_ROOT}/Target Support Files/Pods-Messenger/Pods-Messenger-frameworks.sh\"\n";
			showEnvVarsInLog = 0;
		};
		8DEE686246D27DE2D7134721 /* [CP] Check Pods Manifest.lock */ = {
			isa = PBXShellScriptBuildPhase;
			buildActionMask = 2147483647;
			files = (
			);
			inputFileListPaths = (
			);
			inputPaths = (
				"${PODS_PODFILE_DIR_PATH}/Podfile.lock",
				"${PODS_ROOT}/Manifest.lock",
			);
			name = "[CP] Check Pods Manifest.lock";
			outputFileListPaths = (
			);
			outputPaths = (
				"$(DERIVED_FILE_DIR)/Pods-Messenger-checkManifestLockResult.txt",
			);
			runOnlyForDeploymentPostprocessing = 0;
			shellPath = /bin/sh;
			shellScript = "diff \"${PODS_PODFILE_DIR_PATH}/Podfile.lock\" \"${PODS_ROOT}/Manifest.lock\" > /dev/null\nif [ $? != 0 ] ; then\n    # print error to STDERR\n    echo \"error: The sandbox is not in sync with the Podfile.lock. Run 'pod install' or update your CocoaPods installation.\" >&2\n    exit 1\nfi\n# This output is used by Xcode 'outputs' to avoid re-running this script phase.\necho \"SUCCESS\" > \"${SCRIPT_OUTPUT_FILE_0}\"\n";
			showEnvVarsInLog = 0;
		};
/* End PBXShellScriptBuildPhase section */

/* Begin PBXSourcesBuildPhase section */
		15D0FB0A2A11669B0072DFCA /* Sources */ = {
			isa = PBXSourcesBuildPhase;
			buildActionMask = 2147483647;
			files = (
				15D0FB332A1281E90072DFCA /* SlideCollectionViewCell.swift in Sources */,
				15D0FB2E2A127C310072DFCA /* LoginViewController.swift in Sources */,
				154E51602A17226000789DB0 /* ResponseCode.swift in Sources */,
				154E51642A1FD5C400789DB0 /* UsersViewController.swift in Sources */,
				154E51682A1FD6B900789DB0 /* UserTableViewCell.swift in Sources */,
				15D0FB382A132EDF0072DFCA /* SliderSlides.swift in Sources */,
				154E515C2A16AB0A00789DB0 /* LoginModel.swift in Sources */,
				154E515A2A169EE900789DB0 /* CheckField.swift in Sources */,
				154E515E2A16AB7900789DB0 /* Service.swift in Sources */,
				15D0FB122A11669B0072DFCA /* AppDelegate.swift in Sources */,
				15D0FB3E2A1334D60072DFCA /* AppViewController.swift in Sources */,
				15D0FB3C2A1331680072DFCA /* AuthViewController.swift in Sources */,
				15D0FB362A129A1B0072DFCA /* SlideModel.swift in Sources */,
				15D0FB142A11669B0072DFCA /* SceneDelegate.swift in Sources */,
				15D0FB3A2A1331550072DFCA /* RegViewController.swift in Sources */,
			);
			runOnlyForDeploymentPostprocessing = 0;
		};
/* End PBXSourcesBuildPhase section */

/* Begin PBXVariantGroup section */
		15D0FB172A11669B0072DFCA /* Main.storyboard */ = {
			isa = PBXVariantGroup;
			children = (
				15D0FB182A11669B0072DFCA /* Base */,
			);
			name = Main.storyboard;
			sourceTree = "<group>";
		};
		15D0FB1C2A11669D0072DFCA /* LaunchScreen.storyboard */ = {
			isa = PBXVariantGroup;
			children = (
				15D0FB1D2A11669D0072DFCA /* Base */,
			);
			name = LaunchScreen.storyboard;
			sourceTree = "<group>";
		};
/* End PBXVariantGroup section */

/* Begin XCBuildConfiguration section */
		15D0FB202A11669D0072DFCA /* Debug */ = {
			isa = XCBuildConfiguration;
			buildSettings = {
				ALWAYS_SEARCH_USER_PATHS = NO;
				CLANG_ANALYZER_NONNULL = YES;
				CLANG_ANALYZER_NUMBER_OBJECT_CONVERSION = YES_AGGRESSIVE;
				CLANG_CXX_LANGUAGE_STANDARD = "gnu++20";
				CLANG_ENABLE_MODULES = YES;
				CLANG_ENABLE_OBJC_ARC = YES;
				CLANG_ENABLE_OBJC_WEAK = YES;
				CLANG_WARN_BLOCK_CAPTURE_AUTORELEASING = YES;
				CLANG_WARN_BOOL_CONVERSION = YES;
				CLANG_WARN_COMMA = YES;
				CLANG_WARN_CONSTANT_CONVERSION = YES;
				CLANG_WARN_DEPRECATED_OBJC_IMPLEMENTATIONS = YES;
				CLANG_WARN_DIRECT_OBJC_ISA_USAGE = YES_ERROR;
				CLANG_WARN_DOCUMENTATION_COMMENTS = YES;
				CLANG_WARN_EMPTY_BODY = YES;
				CLANG_WARN_ENUM_CONVERSION = YES;
				CLANG_WARN_INFINITE_RECURSION = YES;
				CLANG_WARN_INT_CONVERSION = YES;
				CLANG_WARN_NON_LITERAL_NULL_CONVERSION = YES;
				CLANG_WARN_OBJC_IMPLICIT_RETAIN_SELF = YES;
				CLANG_WARN_OBJC_LITERAL_CONVERSION = YES;
				CLANG_WARN_OBJC_ROOT_CLASS = YES_ERROR;
				CLANG_WARN_QUOTED_INCLUDE_IN_FRAMEWORK_HEADER = YES;
				CLANG_WARN_RANGE_LOOP_ANALYSIS = YES;
				CLANG_WARN_STRICT_PROTOTYPES = YES;
				CLANG_WARN_SUSPICIOUS_MOVE = YES;
				CLANG_WARN_UNGUARDED_AVAILABILITY = YES_AGGRESSIVE;
				CLANG_WARN_UNREACHABLE_CODE = YES;
				CLANG_WARN__DUPLICATE_METHOD_MATCH = YES;
				COPY_PHASE_STRIP = NO;
				DEBUG_INFORMATION_FORMAT = dwarf;
				ENABLE_STRICT_OBJC_MSGSEND = YES;
				ENABLE_TESTABILITY = YES;
				GCC_C_LANGUAGE_STANDARD = gnu11;
				GCC_DYNAMIC_NO_PIC = NO;
				GCC_NO_COMMON_BLOCKS = YES;
				GCC_OPTIMIZATION_LEVEL = 0;
				GCC_PREPROCESSOR_DEFINITIONS = (
					"DEBUG=1",
					"$(inherited)",
				);
				GCC_WARN_64_TO_32_BIT_CONVERSION = YES;
				GCC_WARN_ABOUT_RETURN_TYPE = YES_ERROR;
				GCC_WARN_UNDECLARED_SELECTOR = YES;
				GCC_WARN_UNINITIALIZED_AUTOS = YES_AGGRESSIVE;
				GCC_WARN_UNUSED_FUNCTION = YES;
				GCC_WARN_UNUSED_VARIABLE = YES;
				IPHONEOS_DEPLOYMENT_TARGET = 16.2;
				MTL_ENABLE_DEBUG_INFO = INCLUDE_SOURCE;
				MTL_FAST_MATH = YES;
				ONLY_ACTIVE_ARCH = YES;
				SDKROOT = iphoneos;
				SWIFT_ACTIVE_COMPILATION_CONDITIONS = DEBUG;
				SWIFT_OPTIMIZATION_LEVEL = "-Onone";
			};
			name = Debug;
		};
		15D0FB212A11669D0072DFCA /* Release */ = {
			isa = XCBuildConfiguration;
			buildSettings = {
				ALWAYS_SEARCH_USER_PATHS = NO;
				CLANG_ANALYZER_NONNULL = YES;
				CLANG_ANALYZER_NUMBER_OBJECT_CONVERSION = YES_AGGRESSIVE;
				CLANG_CXX_LANGUAGE_STANDARD = "gnu++20";
				CLANG_ENABLE_MODULES = YES;
				CLANG_ENABLE_OBJC_ARC = YES;
				CLANG_ENABLE_OBJC_WEAK = YES;
				CLANG_WARN_BLOCK_CAPTURE_AUTORELEASING = YES;
				CLANG_WARN_BOOL_CONVERSION = YES;
				CLANG_WARN_COMMA = YES;
				CLANG_WARN_CONSTANT_CONVERSION = YES;
				CLANG_WARN_DEPRECATED_OBJC_IMPLEMENTATIONS = YES;
				CLANG_WARN_DIRECT_OBJC_ISA_USAGE = YES_ERROR;
				CLANG_WARN_DOCUMENTATION_COMMENTS = YES;
				CLANG_WARN_EMPTY_BODY = YES;
				CLANG_WARN_ENUM_CONVERSION = YES;
				CLANG_WARN_INFINITE_RECURSION = YES;
				CLANG_WARN_INT_CONVERSION = YES;
				CLANG_WARN_NON_LITERAL_NULL_CONVERSION = YES;
				CLANG_WARN_OBJC_IMPLICIT_RETAIN_SELF = YES;
				CLANG_WARN_OBJC_LITERAL_CONVERSION = YES;
				CLANG_WARN_OBJC_ROOT_CLASS = YES_ERROR;
				CLANG_WARN_QUOTED_INCLUDE_IN_FRAMEWORK_HEADER = YES;
				CLANG_WARN_RANGE_LOOP_ANALYSIS = YES;
				CLANG_WARN_STRICT_PROTOTYPES = YES;
				CLANG_WARN_SUSPICIOUS_MOVE = YES;
				CLANG_WARN_UNGUARDED_AVAILABILITY = YES_AGGRESSIVE;
				CLANG_WARN_UNREACHABLE_CODE = YES;
				CLANG_WARN__DUPLICATE_METHOD_MATCH = YES;
				COPY_PHASE_STRIP = NO;
				DEBUG_INFORMATION_FORMAT = "dwarf-with-dsym";
				ENABLE_NS_ASSERTIONS = NO;
				ENABLE_STRICT_OBJC_MSGSEND = YES;
				GCC_C_LANGUAGE_STANDARD = gnu11;
				GCC_NO_COMMON_BLOCKS = YES;
				GCC_WARN_64_TO_32_BIT_CONVERSION = YES;
				GCC_WARN_ABOUT_RETURN_TYPE = YES_ERROR;
				GCC_WARN_UNDECLARED_SELECTOR = YES;
				GCC_WARN_UNINITIALIZED_AUTOS = YES_AGGRESSIVE;
				GCC_WARN_UNUSED_FUNCTION = YES;
				GCC_WARN_UNUSED_VARIABLE = YES;
				IPHONEOS_DEPLOYMENT_TARGET = 16.2;
				MTL_ENABLE_DEBUG_INFO = NO;
				MTL_FAST_MATH = YES;
				SDKROOT = iphoneos;
				SWIFT_COMPILATION_MODE = wholemodule;
				SWIFT_OPTIMIZATION_LEVEL = "-O";
				VALIDATE_PRODUCT = YES;
			};
			name = Release;
		};
		15D0FB232A11669D0072DFCA /* Debug */ = {
			isa = XCBuildConfiguration;
			baseConfigurationReference = 2034E79C930ACA4E079A1F97 /* Pods-Messenger.debug.xcconfig */;
			buildSettings = {
				ASSETCATALOG_COMPILER_APPICON_NAME = AppIcon;
				ASSETCATALOG_COMPILER_GLOBAL_ACCENT_COLOR_NAME = AccentColor;
				CODE_SIGN_STYLE = Automatic;
				CURRENT_PROJECT_VERSION = 1;
				GENERATE_INFOPLIST_FILE = YES;
				INFOPLIST_FILE = Messenger/Info.plist;
				INFOPLIST_KEY_UIApplicationSupportsIndirectInputEvents = YES;
				INFOPLIST_KEY_UILaunchStoryboardName = LaunchScreen;
				INFOPLIST_KEY_UIMainStoryboardFile = Main;
				INFOPLIST_KEY_UISupportedInterfaceOrientations_iPad = "UIInterfaceOrientationPortrait UIInterfaceOrientationPortraitUpsideDown UIInterfaceOrientationLandscapeLeft UIInterfaceOrientationLandscapeRight";
				INFOPLIST_KEY_UISupportedInterfaceOrientations_iPhone = "UIInterfaceOrientationPortrait UIInterfaceOrientationLandscapeLeft UIInterfaceOrientationLandscapeRight";
				IPHONEOS_DEPLOYMENT_TARGET = 14.0;
				LD_RUNPATH_SEARCH_PATHS = (
					"$(inherited)",
					"@executable_path/Frameworks",
				);
				MARKETING_VERSION = 1.0;
				PRODUCT_BUNDLE_IDENTIFIER = com.antony.Messenger;
				PRODUCT_NAME = "$(TARGET_NAME)";
				SUPPORTED_PLATFORMS = "iphoneos iphonesimulator";
				SUPPORTS_MACCATALYST = NO;
				SUPPORTS_MAC_DESIGNED_FOR_IPHONE_IPAD = YES;
				SWIFT_EMIT_LOC_STRINGS = YES;
				SWIFT_VERSION = 5.0;
				TARGETED_DEVICE_FAMILY = 1;
			};
			name = Debug;
		};
		15D0FB242A11669D0072DFCA /* Release */ = {
			isa = XCBuildConfiguration;
			baseConfigurationReference = 81AB5E976486F687C6F0CD58 /* Pods-Messenger.release.xcconfig */;
			buildSettings = {
				ASSETCATALOG_COMPILER_APPICON_NAME = AppIcon;
				ASSETCATALOG_COMPILER_GLOBAL_ACCENT_COLOR_NAME = AccentColor;
				CODE_SIGN_STYLE = Automatic;
				CURRENT_PROJECT_VERSION = 1;
				GENERATE_INFOPLIST_FILE = YES;
				INFOPLIST_FILE = Messenger/Info.plist;
				INFOPLIST_KEY_UIApplicationSupportsIndirectInputEvents = YES;
				INFOPLIST_KEY_UILaunchStoryboardName = LaunchScreen;
				INFOPLIST_KEY_UIMainStoryboardFile = Main;
				INFOPLIST_KEY_UISupportedInterfaceOrientations_iPad = "UIInterfaceOrientationPortrait UIInterfaceOrientationPortraitUpsideDown UIInterfaceOrientationLandscapeLeft UIInterfaceOrientationLandscapeRight";
				INFOPLIST_KEY_UISupportedInterfaceOrientations_iPhone = "UIInterfaceOrientationPortrait UIInterfaceOrientationLandscapeLeft UIInterfaceOrientationLandscapeRight";
				IPHONEOS_DEPLOYMENT_TARGET = 14.0;
				LD_RUNPATH_SEARCH_PATHS = (
					"$(inherited)",
					"@executable_path/Frameworks",
				);
				MARKETING_VERSION = 1.0;
				PRODUCT_BUNDLE_IDENTIFIER = com.antony.Messenger;
				PRODUCT_NAME = "$(TARGET_NAME)";
				SUPPORTED_PLATFORMS = "iphoneos iphonesimulator";
				SUPPORTS_MACCATALYST = NO;
				SUPPORTS_MAC_DESIGNED_FOR_IPHONE_IPAD = YES;
				SWIFT_EMIT_LOC_STRINGS = YES;
				SWIFT_VERSION = 5.0;
				TARGETED_DEVICE_FAMILY = 1;
			};
			name = Release;
		};
/* End XCBuildConfiguration section */

/* Begin XCConfigurationList section */
		15D0FB092A11669B0072DFCA /* Build configuration list for PBXProject "Messenger" */ = {
			isa = XCConfigurationList;
			buildConfigurations = (
				15D0FB202A11669D0072DFCA /* Debug */,
				15D0FB212A11669D0072DFCA /* Release */,
			);
			defaultConfigurationIsVisible = 0;
			defaultConfigurationName = Release;
		};
		15D0FB222A11669D0072DFCA /* Build configuration list for PBXNativeTarget "Messenger" */ = {
			isa = XCConfigurationList;
			buildConfigurations = (
				15D0FB232A11669D0072DFCA /* Debug */,
				15D0FB242A11669D0072DFCA /* Release */,
			);
			defaultConfigurationIsVisible = 0;
			defaultConfigurationName = Release;
		};
/* End XCConfigurationList section */
	};
	rootObject = 15D0FB062A11669B0072DFCA /* Project object */;
}
